{
  "pins" : [
    {
      "identity" : "alamofire",
      "kind" : "remoteSourceControl",
      "location" : "https://github.com/Alamofire/Alamofire.git",
      "state" : {
        "branch" : "master",
        "revision" : "81a29729e7dbfe7b976723843d0280926587a532"
      }
    },
    {
      "identity" : "lottie-spm",
      "kind" : "remoteSourceControl",
      "location" : "https://github.com/airbnb/lottie-spm.git",
      "state" : {
        "revision" : "c3852816c622ad35a03ed39c187c1644ece2382b",
        "version" : "4.1.3"
      }
    }
  ],
  "version" : 2
}
